
Microsoft Visual Studio Solution File, Format Version 12.00
# Visual Studio Version 17
VisualStudioVersion = 17.9.34728.123
MinimumVisualStudioVersion = 10.0.40219.1
Project("{FAE04EC0-301F-11D3-BF4B-00C04F79EFBC}") = "EsercizioNumeriPrimi", "EsercizioNumeriPrimi\EsercizioNumeriPrimi.csproj", "{459BB6B9-01E6-4F64-8BCD-2210A9BA6FBF}"
EndProject
Project("{FAE04EC0-301F-11D3-BF4B-00C04F79EFBC}") = "LibreriaNumeriPrimi", "LibreriaNumeriPrimi\LibreriaNumeriPrimi.csproj", "{B16628E6-D091-472D-93BE-279828137563}"
EndProject
Global
	GlobalSection(SolutionConfigurationPlatforms) = preSolution
		Debug|Any CPU = Debug|Any CPU
		Release|Any CPU = Release|Any CPU
	EndGlobalSection
	GlobalSection(ProjectConfigurationPlatforms) = postSolution
		{459BB6B9-01E6-4F64-8BCD-2210A9BA6FBF}.Debug|Any CPU.ActiveCfg = Debug|Any CPU
		{459BB6B9-01E6-4F64-8BCD-2210A9BA6FBF}.Debug|Any CPU.Build.0 = Debug|Any CPU
		{459BB6B9-01E6-4F64-8BCD-2210A9BA6FBF}.Release|Any CPU.ActiveCfg = Release|Any CPU
		{459BB6B9-01E6-4F64-8BCD-2210A9BA6FBF}.Release|Any CPU.Build.0 = Release|Any CPU
		{B16628E6-D091-472D-93BE-279828137563}.Debug|Any CPU.ActiveCfg = Debug|Any CPU
		{B16628E6-D091-472D-93BE-279828137563}.Debug|Any CPU.Build.0 = Debug|Any CPU
		{B16628E6-D091-472D-93BE-279828137563}.Release|Any CPU.ActiveCfg = Release|Any CPU
		{B16628E6-D091-472D-93BE-279828137563}.Release|Any CPU.Build.0 = Release|Any CPU
	EndGlobalSection
	GlobalSection(SolutionProperties) = preSolution
		HideSolutionNode = FALSE
	EndGlobalSection
	GlobalSection(ExtensibilityGlobals) = postSolution
		SolutionGuid = {FD344CEA-D1DE-4860-AD84-EC4446F38296}
	EndGlobalSection
EndGlobal
